
Microsoft Visual Studio Solution File, Format Version 12.00
# Visual Studio Version 17
VisualStudioVersion = 17.4.33205.214
MinimumVisualStudioVersion = 10.0.40219.1
Project("{FAE04EC0-301F-11D3-BF4B-00C04F79EFBC}") = "MvcMovie", "MvcMovie\MvcMovie.csproj", "{5186287E-C710-4B64-BC5A-487EE96D9538}"
EndProject
Global
	GlobalSection(SolutionConfigurationPlatforms) = preSolution
		Debug|Any CPU = Debug|Any CPU
		Release|Any CPU = Release|Any CPU
	EndGlobalSection
	GlobalSection(ProjectConfigurationPlatforms) = postSolution
		{5186287E-C710-4B64-BC5A-487EE96D9538}.Debug|Any CPU.ActiveCfg = Debug|Any CPU
		{5186287E-C710-4B64-BC5A-487EE96D9538}.Debug|Any CPU.Build.0 = Debug|Any CPU
		{5186287E-C710-4B64-BC5A-487EE96D9538}.Release|Any CPU.ActiveCfg = Release|Any CPU
		{5186287E-C710-4B64-BC5A-487EE96D9538}.Release|Any CPU.Build.0 = Release|Any CPU
	EndGlobalSection
	GlobalSection(SolutionProperties) = preSolution
		HideSolutionNode = FALSE
	EndGlobalSection
	GlobalSection(ExtensibilityGlobals) = postSolution
		SolutionGuid = {B9471C7E-00CE-4F42-A52D-7AD89CDCDB6E}
	EndGlobalSection
EndGlobal
